Microsoft Visual Studio Solution File, Format Version 11.00
# Visual Studio 2008

Project("{073942CC-137A-67EF-2FC8-9B1D449E9F02}") = "FirstPersonPool", "Assembly-CSharp-firstpass.csproj", "{1E80140C-C53F-860C-1EAF-4A48AB8AE472}"
EndProject
Project("{073942CC-137A-67EF-2FC8-9B1D449E9F02}") = "FirstPersonPool", "Assembly-CSharp.csproj", "{1A2FC6F0-22DD-C6E4-E99D-21A4CBB041A9}"
EndProject
Project("{073942CC-137A-67EF-2FC8-9B1D449E9F02}") = "FirstPersonPool", "Assembly-CSharp-Editor.csproj", "{BF6387D3-0DE1-9475-1988-3BE3C012F68D}"
EndProject
Project("{073942CC-137A-67EF-2FC8-9B1D449E9F02}") = "FirstPersonPool", "Assembly-UnityScript.unityproj", "{6F3B49CA-DA47-F1B0-2DAD-41186B95FE2E}"
EndProject
Global
	GlobalSection(SolutionConfigurationPlatforms) = preSolution
		Debug|Any CPU = Debug|Any CPU
		Release|Any CPU = Release|Any CPU
	EndGlobalSection
	GlobalSection(ProjectConfigurationPlatforms) = postSolution
		{1E80140C-C53F-860C-1EAF-4A48AB8AE472}.Debug|Any CPU.ActiveCfg = Debug|Any CPU
		{1E80140C-C53F-860C-1EAF-4A48AB8AE472}.Debug|Any CPU.Build.0 = Debug|Any CPU
		{1E80140C-C53F-860C-1EAF-4A48AB8AE472}.Release|Any CPU.ActiveCfg = Release|Any CPU
		{1E80140C-C53F-860C-1EAF-4A48AB8AE472}.Release|Any CPU.Build.0 = Release|Any CPU
		{1A2FC6F0-22DD-C6E4-E99D-21A4CBB041A9}.Debug|Any CPU.ActiveCfg = Debug|Any CPU
		{1A2FC6F0-22DD-C6E4-E99D-21A4CBB041A9}.Debug|Any CPU.Build.0 = Debug|Any CPU
		{1A2FC6F0-22DD-C6E4-E99D-21A4CBB041A9}.Release|Any CPU.ActiveCfg = Release|Any CPU
		{1A2FC6F0-22DD-C6E4-E99D-21A4CBB041A9}.Release|Any CPU.Build.0 = Release|Any CPU
		{BF6387D3-0DE1-9475-1988-3BE3C012F68D}.Debug|Any CPU.ActiveCfg = Debug|Any CPU
		{BF6387D3-0DE1-9475-1988-3BE3C012F68D}.Debug|Any CPU.Build.0 = Debug|Any CPU
		{BF6387D3-0DE1-9475-1988-3BE3C012F68D}.Release|Any CPU.ActiveCfg = Release|Any CPU
		{BF6387D3-0DE1-9475-1988-3BE3C012F68D}.Release|Any CPU.Build.0 = Release|Any CPU
		{6F3B49CA-DA47-F1B0-2DAD-41186B95FE2E}.Debug|Any CPU.ActiveCfg = Debug|Any CPU
		{6F3B49CA-DA47-F1B0-2DAD-41186B95FE2E}.Debug|Any CPU.Build.0 = Debug|Any CPU
		{6F3B49CA-DA47-F1B0-2DAD-41186B95FE2E}.Release|Any CPU.ActiveCfg = Release|Any CPU
		{6F3B49CA-DA47-F1B0-2DAD-41186B95FE2E}.Release|Any CPU.Build.0 = Release|Any CPU
	EndGlobalSection
	GlobalSection(SolutionProperties) = preSolution
		HideSolutionNode = FALSE
	EndGlobalSection
							GlobalSection(MonoDevelopProperties) = preSolution
		StartupItem = Assembly-CSharp.csproj
		Policies = $0
		$0.TextStylePolicy = $1
		$1.inheritsSet = null
		$1.scope = text/x-csharp
		$0.CSharpFormattingPolicy = $2
		$2.inheritsSet = Mono
		$2.inheritsScope = text/x-csharp
		$2.scope = text/x-csharp
		$0.TextStylePolicy = $3
		$3.FileWidth = 120
		$3.TabWidth = 4
		$3.IndentWidth = 4
		$3.EolMarker = Unix
		$3.inheritsSet = Mono
		$3.inheritsScope = text/plain
		$3.scope = text/plain
	EndGlobalSection

EndGlobal
